PODS:
  - Flutter (1.0.0)
  - flutter_bdface_collect (0.0.1):
    - Flutter

DEPENDENCIES:
  - Flutter (from `Flutter`)
  - flutter_bdface_collect (from `.symlinks/plugins/flutter_bdface_collect/ios`)

EXTERNAL SOURCES:
  Flutter:
    :path: Flutter
  flutter_bdface_collect:
    :path: ".symlinks/plugins/flutter_bdface_collect/ios"

SPEC CHECKSUMS:
  Flutter: f04841e97a9d0b0a8025694d0796dd46242b2854
  flutter_bdface_collect: 05e3a30fe7b8014f61d7d2e0f82dbfa0de362cf0

PODFILE CHECKSUM: 663715e941f9adb426e33bf9376914006f9ea95b

COCOAPODS: 1.12.0
